// !$*UTF8*$!
{
	archiveVersion = 1;
	classes = {
	};
	objectVersion = 46;
	objects = {

/* Begin PBXBuildFile section */
		8453311F1C67CCC600A16AD3 /* AppDelegate.swift in Sources */ = {isa = PBXBuildFile; fileRef = 8453311E1C67CCC600A16AD3 /* AppDelegate.swift */; };
		845331211C67CCC600A16AD3 /* ViewController.swift in Sources */ = {isa = PBXBuildFile; fileRef = 845331201C67CCC600A16AD3 /* ViewController.swift */; };
		845331241C67CCC600A16AD3 /* Main.storyboard in Resources */ = {isa = PBXBuildFile; fileRef = 845331221C67CCC600A16AD3 /* Main.storyboard */; };
		845331261C67CCC600A16AD3 /* Assets.xcassets in Resources */ = {isa = PBXBuildFile; fileRef = 845331251C67CCC600A16AD3 /* Assets.xcassets */; };
		845331291C67CCC600A16AD3 /* LaunchScreen.storyboard in Resources */ = {isa = PBXBuildFile; fileRef = 845331271C67CCC600A16AD3 /* LaunchScreen.storyboard */; };
		845331351C67D01A00A16AD3 /* ChooseSizeViewController.swift in Sources */ = {isa = PBXBuildFile; fileRef = 845331341C67D01A00A16AD3 /* ChooseSizeViewController.swift */; };
		845331371C67DC1D00A16AD3 /* ChooseMassViewController.swift in Sources */ = {isa = PBXBuildFile; fileRef = 845331361C67DC1D00A16AD3 /* ChooseMassViewController.swift */; };
		845331391C67DC6400A16AD3 /* ChooseCheeseViewController.swift in Sources */ = {isa = PBXBuildFile; fileRef = 845331381C67DC6400A16AD3 /* ChooseCheeseViewController.swift */; };
		8453313B1C67DC9B00A16AD3 /* ChooseIngredientsViewController.swift in Sources */ = {isa = PBXBuildFile; fileRef = 8453313A1C67DC9B00A16AD3 /* ChooseIngredientsViewController.swift */; };
		8453313E1C68348200A16AD3 /* Pizza.swift in Sources */ = {isa = PBXBuildFile; fileRef = 8453313D1C68348200A16AD3 /* Pizza.swift */; };
		845331401C683F9900A16AD3 /* ConfirmViewController.swift in Sources */ = {isa = PBXBuildFile; fileRef = 8453313F1C683F9900A16AD3 /* ConfirmViewController.swift */; };
		845331421C68484D00A16AD3 /* pizza.png in Resources */ = {isa = PBXBuildFile; fileRef = 845331411C68484D00A16AD3 /* pizza.png */; };
/* End PBXBuildFile section */

/* Begin PBXFileReference section */
		8453311B1C67CCC600A16AD3 /* TechPizza.app */ = {isa = PBXFileReference; explicitFileType = wrapper.application; includeInIndex = 0; path = TechPizza.app; sourceTree = BUILT_PRODUCTS_DIR; };
		8453311E1C67CCC600A16AD3 /* AppDelegate.swift */ = {isa = PBXFileReference; lastKnownFileType = sourcecode.swift; path = AppDelegate.swift; sourceTree = "<group>"; };
		845331201C67CCC600A16AD3 /* ViewController.swift */ = {isa = PBXFileReference; lastKnownFileType = sourcecode.swift; path = ViewController.swift; sourceTree = "<group>"; };
		845331231C67CCC600A16AD3 /* Base */ = {isa = PBXFileReference; lastKnownFileType = file.storyboard; name = Base; path = Base.lproj/Main.storyboard; sourceTree = "<group>"; };
		845331251C67CCC600A16AD3 /* Assets.xcassets */ = {isa = PBXFileReference; lastKnownFileType = folder.assetcatalog; path = Assets.xcassets; sourceTree = "<group>"; };
		845331281C67CCC600A16AD3 /* Base */ = {isa = PBXFileReference; lastKnownFileType = file.storyboard; name = Base; path = Base.lproj/LaunchScreen.storyboard; sourceTree = "<group>"; };
		8453312A1C67CCC600A16AD3 /* Info.plist */ = {isa = PBXFileReference; lastKnownFileType = text.plist.xml; path = Info.plist; sourceTree = "<group>"; };
		845331341C67D01A00A16AD3 /* ChooseSizeViewController.swift */ = {isa = PBXFileReference; fileEncoding = 4; lastKnownFileType = sourcecode.swift; name = ChooseSizeViewController.swift; path = Controllers/ChooseSizeViewController.swift; sourceTree = "<group>"; };
		845331361C67DC1D00A16AD3 /* ChooseMassViewController.swift */ = {isa = PBXFileReference; fileEncoding = 4; lastKnownFileType = sourcecode.swift; name = ChooseMassViewController.swift; path = Controllers/ChooseMassViewController.swift; sourceTree = "<group>"; };
		845331381C67DC6400A16AD3 /* ChooseCheeseViewController.swift */ = {isa = PBXFileReference; fileEncoding = 4; lastKnownFileType = sourcecode.swift; name = ChooseCheeseViewController.swift; path = Controllers/ChooseCheeseViewController.swift; sourceTree = "<group>"; };
		8453313A1C67DC9B00A16AD3 /* ChooseIngredientsViewController.swift */ = {isa = PBXFileReference; fileEncoding = 4; lastKnownFileType = sourcecode.swift; name = ChooseIngredientsViewController.swift; path = Controllers/ChooseIngredientsViewController.swift; sourceTree = "<group>"; };
		8453313D1C68348200A16AD3 /* Pizza.swift */ = {isa = PBXFileReference; fileEncoding = 4; lastKnownFileType = sourcecode.swift; name = Pizza.swift; path = Model/Pizza.swift; sourceTree = "<group>"; };
		8453313F1C683F9900A16AD3 /* ConfirmViewController.swift */ = {isa = PBXFileReference; fileEncoding = 4; lastKnownFileType = sourcecode.swift; name = ConfirmViewController.swift; path = Controllers/ConfirmViewController.swift; sourceTree = "<group>"; };
		845331411C68484D00A16AD3 /* pizza.png */ = {isa = PBXFileReference; lastKnownFileType = image.png; path = pizza.png; sourceTree = "<group>"; };
/* End PBXFileReference section */

/* Begin PBXFrameworksBuildPhase section */
		845331181C67CCC600A16AD3 /* Frameworks */ = {
			isa = PBXFrameworksBuildPhase;
			buildActionMask = 2147483647;
			files = (
			);
			runOnlyForDeploymentPostprocessing = 0;
		};
/* End PBXFrameworksBuildPhase section */

/* Begin PBXGroup section */
		845331121C67CCC600A16AD3 = {
			isa = PBXGroup;
			children = (
				8453311D1C67CCC600A16AD3 /* TechPizza */,
				8453311C1C67CCC600A16AD3 /* Products */,
			);
			sourceTree = "<group>";
		};
		8453311C1C67CCC600A16AD3 /* Products */ = {
			isa = PBXGroup;
			children = (
				8453311B1C67CCC600A16AD3 /* TechPizza.app */,
			);
			name = Products;
			sourceTree = "<group>";
		};
		8453311D1C67CCC600A16AD3 /* TechPizza */ = {
			isa = PBXGroup;
			children = (
				8453313C1C68346400A16AD3 /* Model */,
				845331331C67CFDE00A16AD3 /* Controllers */,
				845331301C67CF5300A16AD3 /* Images */,
				8453311E1C67CCC600A16AD3 /* AppDelegate.swift */,
				845331201C67CCC600A16AD3 /* ViewController.swift */,
				845331221C67CCC600A16AD3 /* Main.storyboard */,
				845331251C67CCC600A16AD3 /* Assets.xcassets */,
				845331271C67CCC600A16AD3 /* LaunchScreen.storyboard */,
				8453312A1C67CCC600A16AD3 /* Info.plist */,
			);
			path = TechPizza;
			sourceTree = "<group>";
		};
		845331301C67CF5300A16AD3 /* Images */ = {
			isa = PBXGroup;
			children = (
				845331411C68484D00A16AD3 /* pizza.png */,
			);
			name = Images;
			sourceTree = "<group>";
		};
		845331331C67CFDE00A16AD3 /* Controllers */ = {
			isa = PBXGroup;
			children = (
				845331341C67D01A00A16AD3 /* ChooseSizeViewController.swift */,
				845331361C67DC1D00A16AD3 /* ChooseMassViewController.swift */,
				845331381C67DC6400A16AD3 /* ChooseCheeseViewController.swift */,
				8453313A1C67DC9B00A16AD3 /* ChooseIngredientsViewController.swift */,
				8453313F1C683F9900A16AD3 /* ConfirmViewController.swift */,
			);
			name = Controllers;
			sourceTree = "<group>";
		};
		8453313C1C68346400A16AD3 /* Model */ = {
			isa = PBXGroup;
			children = (
				8453313D1C68348200A16AD3 /* Pizza.swift */,
			);
			name = Model;
			sourceTree = "<group>";
		};
/* End PBXGroup section */

/* Begin PBXNativeTarget section */
		8453311A1C67CCC600A16AD3 /* TechPizza */ = {
			isa = PBXNativeTarget;
			buildConfigurationList = 8453312D1C67CCC600A16AD3 /* Build configuration list for PBXNativeTarget "TechPizza" */;
			buildPhases = (
				845331171C67CCC600A16AD3 /* Sources */,
				845331181C67CCC600A16AD3 /* Frameworks */,
				845331191C67CCC600A16AD3 /* Resources */,
			);
			buildRules = (
			);
			dependencies = (
			);
			name = TechPizza;
			productName = TechPizza;
			productReference = 8453311B1C67CCC600A16AD3 /* TechPizza.app */;
			productType = "com.apple.product-type.application";
		};
/* End PBXNativeTarget section */

/* Begin PBXProject section */
		845331131C67CCC600A16AD3 /* Project object */ = {
			isa = PBXProject;
			attributes = {
				LastSwiftUpdateCheck = 0720;
				LastUpgradeCheck = 0720;
				ORGANIZATIONNAME = techCourse;
				TargetAttributes = {
					8453311A1C67CCC600A16AD3 = {
						CreatedOnToolsVersion = 7.2;
					};
				};
			};
			buildConfigurationList = 845331161C67CCC600A16AD3 /* Build configuration list for PBXProject "TechPizza" */;
			compatibilityVersion = "Xcode 3.2";
			developmentRegion = English;
			hasScannedForEncodings = 0;
			knownRegions = (
				en,
				Base,
			);
			mainGroup = 845331121C67CCC600A16AD3;
			productRefGroup = 8453311C1C67CCC600A16AD3 /* Products */;
			projectDirPath = "";
			projectRoot = "";
			targets = (
				8453311A1C67CCC600A16AD3 /* TechPizza */,
			);
		};
/* End PBXProject section */

/* Begin PBXResourcesBuildPhase section */
		845331191C67CCC600A16AD3 /* Resources */ = {
			isa = PBXResourcesBuildPhase;
			buildActionMask = 2147483647;
			files = (
				845331291C67CCC600A16AD3 /* LaunchScreen.storyboard in Resources */,
				845331261C67CCC600A16AD3 /* Assets.xcassets in Resources */,
				845331421C68484D00A16AD3 /* pizza.png in Resources */,
				845331241C67CCC600A16AD3 /* Main.storyboard in Resources */,
			);
			runOnlyForDeploymentPostprocessing = 0;
		};
/* End PBXResourcesBuildPhase section */

/* Begin PBXSourcesBuildPhase section */
		845331171C67CCC600A16AD3 /* Sources */ = {
			isa = PBXSourcesBuildPhase;
			buildActionMask = 2147483647;
			files = (
				8453313E1C68348200A16AD3 /* Pizza.swift in Sources */,
				845331391C67DC6400A16AD3 /* ChooseCheeseViewController.swift in Sources */,
				845331211C67CCC600A16AD3 /* ViewController.swift in Sources */,
				845331401C683F9900A16AD3 /* ConfirmViewController.swift in Sources */,
				8453313B1C67DC9B00A16AD3 /* ChooseIngredientsViewController.swift in Sources */,
				845331371C67DC1D00A16AD3 /* ChooseMassViewController.swift in Sources */,
				845331351C67D01A00A16AD3 /* ChooseSizeViewController.swift in Sources */,
				8453311F1C67CCC600A16AD3 /* AppDelegate.swift in Sources */,
			);
			runOnlyForDeploymentPostprocessing = 0;
		};
/* End PBXSourcesBuildPhase section */

/* Begin PBXVariantGroup section */
		845331221C67CCC600A16AD3 /* Main.storyboard */ = {
			isa = PBXVariantGroup;
			children = (
				845331231C67CCC600A16AD3 /* Base */,
			);
			name = Main.storyboard;
			sourceTree = "<group>";
		};
		845331271C67CCC600A16AD3 /* LaunchScreen.storyboard */ = {
			isa = PBXVariantGroup;
			children = (
				845331281C67CCC600A16AD3 /* Base */,
			);
			name = LaunchScreen.storyboard;
			sourceTree = "<group>";
		};
/* End PBXVariantGroup section */

/* Begin XCBuildConfiguration section */
		8453312B1C67CCC600A16AD3 /* Debug */ = {
			isa = XCBuildConfiguration;
			buildSettings = {
				ALWAYS_SEARCH_USER_PATHS = NO;
				CLANG_CXX_LANGUAGE_STANDARD = "gnu++0x";
				CLANG_CXX_LIBRARY = "libc++";
				CLANG_ENABLE_MODULES = YES;
				CLANG_ENABLE_OBJC_ARC = YES;
				CLANG_WARN_BOOL_CONVERSION = YES;
				CLANG_WARN_CONSTANT_CONVERSION = YES;
				CLANG_WARN_DIRECT_OBJC_ISA_USAGE = YES_ERROR;
				CLANG_WARN_EMPTY_BODY = YES;
				CLANG_WARN_ENUM_CONVERSION = YES;
				CLANG_WARN_INT_CONVERSION = YES;
				CLANG_WARN_OBJC_ROOT_CLASS = YES_ERROR;
				CLANG_WARN_UNREACHABLE_CODE = YES;
				CLANG_WARN__DUPLICATE_METHOD_MATCH = YES;
				"CODE_SIGN_IDENTITY[sdk=iphoneos*]" = "iPhone Developer";
				COPY_PHASE_STRIP = NO;
				DEBUG_INFORMATION_FORMAT = dwarf;
				ENABLE_STRICT_OBJC_MSGSEND = YES;
				ENABLE_TESTABILITY = YES;
				GCC_C_LANGUAGE_STANDARD = gnu99;
				GCC_DYNAMIC_NO_PIC = NO;
				GCC_NO_COMMON_BLOCKS = YES;
				GCC_OPTIMIZATION_LEVEL = 0;
				GCC_PREPROCESSOR_DEFINITIONS = (
					"DEBUG=1",
					"$(inherited)",
				);
				GCC_WARN_64_TO_32_BIT_CONVERSION = YES;
				GCC_WARN_ABOUT_RETURN_TYPE = YES_ERROR;
				GCC_WARN_UNDECLARED_SELECTOR = YES;
				GCC_WARN_UNINITIALIZED_AUTOS = YES_AGGRESSIVE;
				GCC_WARN_UNUSED_FUNCTION = YES;
				GCC_WARN_UNUSED_VARIABLE = YES;
				IPHONEOS_DEPLOYMENT_TARGET = 9.2;
				MTL_ENABLE_DEBUG_INFO = YES;
				ONLY_ACTIVE_ARCH = YES;
				SDKROOT = iphoneos;
				SWIFT_OPTIMIZATION_LEVEL = "-Onone";
			};
			name = Debug;
		};
		8453312C1C67CCC600A16AD3 /* Release */ = {
			isa = XCBuildConfiguration;
			buildSettings = {
				ALWAYS_SEARCH_USER_PATHS = NO;
				CLANG_CXX_LANGUAGE_STANDARD = "gnu++0x";
				CLANG_CXX_LIBRARY = "libc++";
				CLANG_ENABLE_MODULES = YES;
				CLANG_ENABLE_OBJC_ARC = YES;
				CLANG_WARN_BOOL_CONVERSION = YES;
				CLANG_WARN_CONSTANT_CONVERSION = YES;
				CLANG_WARN_DIRECT_OBJC_ISA_USAGE = YES_ERROR;
				CLANG_WARN_EMPTY_BODY = YES;
				CLANG_WARN_ENUM_CONVERSION = YES;
				CLANG_WARN_INT_CONVERSION = YES;
				CLANG_WARN_OBJC_ROOT_CLASS = YES_ERROR;
				CLANG_WARN_UNREACHABLE_CODE = YES;
				CLANG_WARN__DUPLICATE_METHOD_MATCH = YES;
				"CODE_SIGN_IDENTITY[sdk=iphoneos*]" = "iPhone Developer";
				COPY_PHASE_STRIP = NO;
				DEBUG_INFORMATION_FORMAT = "dwarf-with-dsym";
				ENABLE_NS_ASSERTIONS = NO;
				ENABLE_STRICT_OBJC_MSGSEND = YES;
				GCC_C_LANGUAGE_STANDARD = gnu99;
				GCC_NO_COMMON_BLOCKS = YES;
				GCC_WARN_64_TO_32_BIT_CONVERSION = YES;
				GCC_WARN_ABOUT_RETURN_TYPE = YES_ERROR;
				GCC_WARN_UNDECLARED_SELECTOR = YES;
				GCC_WARN_UNINITIALIZED_AUTOS = YES_AGGRESSIVE;
				GCC_WARN_UNUSED_FUNCTION = YES;
				GCC_WARN_UNUSED_VARIABLE = YES;
				IPHONEOS_DEPLOYMENT_TARGET = 9.2;
				MTL_ENABLE_DEBUG_INFO = NO;
				SDKROOT = iphoneos;
				VALIDATE_PRODUCT = YES;
			};
			name = Release;
		};
		8453312E1C67CCC600A16AD3 /* Debug */ = {
			isa = XCBuildConfiguration;
			buildSettings = {
				ASSETCATALOG_COMPILER_APPICON_NAME = AppIcon;
				INFOPLIST_FILE = TechPizza/Info.plist;
				LD_RUNPATH_SEARCH_PATHS = "$(inherited) @executable_path/Frameworks";
				PRODUCT_BUNDLE_IDENTIFIER = test.project.TechPizza;
				PRODUCT_NAME = "$(TARGET_NAME)";
			};
			name = Debug;
		};
		8453312F1C67CCC600A16AD3 /* Release */ = {
			isa = XCBuildConfiguration;
			buildSettings = {
				ASSETCATALOG_COMPILER_APPICON_NAME = AppIcon;
				INFOPLIST_FILE = TechPizza/Info.plist;
				LD_RUNPATH_SEARCH_PATHS = "$(inherited) @executable_path/Frameworks";
				PRODUCT_BUNDLE_IDENTIFIER = test.project.TechPizza;
				PRODUCT_NAME = "$(TARGET_NAME)";
			};
			name = Release;
		};
/* End XCBuildConfiguration section */

/* Begin XCConfigurationList section */
		845331161C67CCC600A16AD3 /* Build configuration list for PBXProject "TechPizza" */ = {
			isa = XCConfigurationList;
			buildConfigurations = (
				8453312B1C67CCC600A16AD3 /* Debug */,
				8453312C1C67CCC600A16AD3 /* Release */,
			);
			defaultConfigurationIsVisible = 0;
			defaultConfigurationName = Release;
		};
		8453312D1C67CCC600A16AD3 /* Build configuration list for PBXNativeTarget "TechPizza" */ = {
			isa = XCConfigurationList;
			buildConfigurations = (
				8453312E1C67CCC600A16AD3 /* Debug */,
				8453312F1C67CCC600A16AD3 /* Release */,
			);
			defaultConfigurationIsVisible = 0;
		};
/* End XCConfigurationList section */
	};
	rootObject = 845331131C67CCC600A16AD3 /* Project object */;
}
